dependencies:
- name: opentelemetry-collector
  repository: https://open-telemetry.github.io/opentelemetry-helm-charts
  version: 0.126.0
- name: prometheus
  repository: https://prometheus-community.github.io/helm-charts
  version: 27.4.0
- name: grafana
  repository: https://grafana.github.io/helm-charts
  version: 8.10.1
digest: sha256:2d833819d79f7bbd055f7e0e954f04993c9e6b6ff1a8e549f7cf8ca9796825c4
generated: "2025-07-31T23:49:59.098163241+01:00"
