dependencies:
- name: prometheus
  repository: https://prometheus-community.github.io/helm-charts
  version: 25.30.1
- name: opentelemetry-collector
  repository: https://open-telemetry.github.io/opentelemetry-helm-charts
  version: 0.114.0
- name: grafana
  repository: https://grafana.github.io/helm-charts
  version: 9.2.0
- name: common
  repository: oci://docker.io/bitnamicharts
  version: 2.23.0
- name: tempo
  repository: https://grafana.github.io/helm-charts
  version: 1.21.1
digest: sha256:25c6a7d5d3b15f7154a9bfba342ade7d70febf7a49b1c184d9b56235ab843251
generated: "2025-05-26T19:41:02.611638036+01:00"
