dependencies:
- name: keycloak
  repository: oci://docker.io/bitnamicharts
  version: 24.7.1
- name: postgresql
  repository: oci://docker.io/bitnamicharts
  version: 16.7.17
digest: sha256:f4b891220d2623aaeee03c679c6b49127f173523495b2a27bf495133af19154d
generated: "2025-07-11T23:19:47.327317931+01:00"
